{
    "version": 3,
    "terraform_version": "0.10.0",
    "serial": 15,
    "lineage": "edfff342-544b-4d35-88bc-b01becdd6fba",
    "modules": [
        {
            "path": [
                "root"
            ],
            "outputs": {},
            "resources": {
                "aws_elb.cloudops_elb": {
                    "type": "aws_elb",
                    "depends_on": [
                        "aws_instance.instance_web_1",
                        "aws_instance.instance_web_2",
                        "aws_subnet.cloudops_public_subnet_1",
                        "aws_subnet.cloudops_public_subnet_2"
                    ],
                    "primary": {
                        "id": "terraform-elb",
                        "attributes": {
                            "access_logs.#": "0",
                            "availability_zones.#": "2",
                            "availability_zones.221770259": "us-west-2b",
                            "availability_zones.2487133097": "us-west-2a",
                            "connection_draining": "true",
                            "connection_draining_timeout": "400",
                            "cross_zone_load_balancing": "true",
                            "dns_name": "terraform-elb-1416647589.us-west-2.elb.amazonaws.com",
                            "health_check.#": "1",
                            "health_check.0.healthy_threshold": "2",
                            "health_check.0.interval": "10",
                            "health_check.0.target": "HTTP:80/index.html",
                            "health_check.0.timeout": "3",
                            "health_check.0.unhealthy_threshold": "2",
                            "id": "terraform-elb",
                            "idle_timeout": "400",
                            "instances.#": "2",
                            "instances.3285056321": "i-06c4e07972a1aff42",
                            "instances.3829175014": "i-093c65d927d9b3f38",
                            "internal": "false",
                            "listener.#": "1",
                            "listener.3057123346.instance_port": "80",
                            "listener.3057123346.instance_protocol": "http",
                            "listener.3057123346.lb_port": "80",
                            "listener.3057123346.lb_protocol": "http",
                            "listener.3057123346.ssl_certificate_id": "",
                            "name": "terraform-elb",
                            "security_groups.#": "1",
                            "security_groups.908016301": "sg-d15d31ab",
                            "source_security_group": "214569391638/default",
                            "source_security_group_id": "sg-d15d31ab",
                            "subnets.#": "2",
                            "subnets.1818526365": "subnet-2245546b",
                            "subnets.3913619856": "subnet-44a75822",
                            "tags.%": "1",
                            "tags.Name": "terraform-elb",
                            "zone_id": "Z1H1FL5HABSF5"
                        },
                        "meta": {},
                        "tainted": false
                    },
                    "deposed": [],
                    "provider": ""
                },
                "aws_instance.Private_instance": {
                    "type": "aws_instance",
                    "depends_on": [
                        "aws_subnet.cloudops_private_subnet_1"
                    ],
                    "primary": {
                        "id": "i-0d637826cf5c7861f",
                        "attributes": {
                            "ami": "ami-6df1e514",
                            "associate_public_ip_address": "false",
                            "availability_zone": "us-west-2c",
                            "disable_api_termination": "false",
                            "ebs_block_device.#": "0",
                            "ebs_optimized": "false",
                            "ephemeral_block_device.#": "0",
                            "iam_instance_profile": "",
                            "id": "i-0d637826cf5c7861f",
                            "instance_state": "running",
                            "instance_type": "t2.micro",
                            "ipv6_addresses.#": "0",
                            "key_name": "awskey2",
                            "monitoring": "false",
                            "network_interface.#": "0",
                            "network_interface_id": "eni-d0e2cfd0",
                            "primary_network_interface_id": "eni-d0e2cfd0",
                            "private_dns": "ip-172-31-3-99.us-west-2.compute.internal",
                            "private_ip": "172.31.3.99",
                            "public_dns": "",
                            "public_ip": "",
                            "root_block_device.#": "1",
                            "root_block_device.0.delete_on_termination": "true",
                            "root_block_device.0.iops": "100",
                            "root_block_device.0.volume_size": "8",
                            "root_block_device.0.volume_type": "gp2",
                            "security_groups.#": "0",
                            "source_dest_check": "true",
                            "subnet_id": "subnet-139a1048",
                            "tags.%": "1",
                            "tags.Name": "Private Instance",
                            "tenancy": "default",
                            "user_data": "8081ce93f69d5f44ac44c58fc478f9a5786a5ae8",
                            "volume_tags.%": "0",
                            "vpc_security_group_ids.#": "1",
                            "vpc_security_group_ids.908016301": "sg-d15d31ab"
                        },
                        "meta": {
                            "e2bfb730-ecaa-11e6-8f88-34363bc7c4c0": {
                                "create": 600000000000,
                                "delete": 600000000000,
                                "update": 600000000000
                            },
                            "schema_version": "1"
                        },
                        "tainted": false
                    },
                    "deposed": [],
                    "provider": ""
                },
                "aws_instance.instance_web_1": {
                    "type": "aws_instance",
                    "depends_on": [
                        "aws_subnet.cloudops_public_subnet_1"
                    ],
                    "primary": {
                        "id": "i-06c4e07972a1aff42",
                        "attributes": {
                            "ami": "ami-6df1e514",
                            "associate_public_ip_address": "true",
                            "availability_zone": "us-west-2a",
                            "disable_api_termination": "false",
                            "ebs_block_device.#": "0",
                            "ebs_optimized": "false",
                            "ephemeral_block_device.#": "0",
                            "iam_instance_profile": "",
                            "id": "i-06c4e07972a1aff42",
                            "instance_state": "running",
                            "instance_type": "t2.micro",
                            "ipv6_addresses.#": "0",
                            "key_name": "awskey2",
                            "monitoring": "false",
                            "network_interface.#": "0",
                            "network_interface_id": "eni-450b9d7b",
                            "primary_network_interface_id": "eni-450b9d7b",
                            "private_dns": "ip-172-31-1-28.us-west-2.compute.internal",
                            "private_ip": "172.31.1.28",
                            "public_dns": "",
                            "public_ip": "54.186.139.196",
                            "root_block_device.#": "1",
                            "root_block_device.0.delete_on_termination": "true",
                            "root_block_device.0.iops": "100",
                            "root_block_device.0.volume_size": "8",
                            "root_block_device.0.volume_type": "gp2",
                            "security_groups.#": "0",
                            "source_dest_check": "true",
                            "subnet_id": "subnet-2245546b",
                            "tags.%": "1",
                            "tags.Name": "WebServer-1",
                            "tenancy": "default",
                            "user_data": "8fffcf54969f81717319abde5845e3b496974d6e",
                            "volume_tags.%": "0",
                            "vpc_security_group_ids.#": "1",
                            "vpc_security_group_ids.908016301": "sg-d15d31ab"
                        },
                        "meta": {
                            "e2bfb730-ecaa-11e6-8f88-34363bc7c4c0": {
                                "create": 600000000000,
                                "delete": 600000000000,
                                "update": 600000000000
                            },
                            "schema_version": "1"
                        },
                        "tainted": false
                    },
                    "deposed": [],
                    "provider": ""
                },
                "aws_instance.instance_web_2": {
                    "type": "aws_instance",
                    "depends_on": [
                        "aws_subnet.cloudops_public_subnet_2"
                    ],
                    "primary": {
                        "id": "i-093c65d927d9b3f38",
                        "attributes": {
                            "ami": "ami-6df1e514",
                            "associate_public_ip_address": "true",
                            "availability_zone": "us-west-2b",
                            "disable_api_termination": "false",
                            "ebs_block_device.#": "0",
                            "ebs_optimized": "false",
                            "ephemeral_block_device.#": "0",
                            "iam_instance_profile": "",
                            "id": "i-093c65d927d9b3f38",
                            "instance_state": "running",
                            "instance_type": "t2.micro",
                            "ipv6_addresses.#": "0",
                            "key_name": "awskey2",
                            "monitoring": "false",
                            "network_interface.#": "0",
                            "network_interface_id": "eni-b4ba529b",
                            "primary_network_interface_id": "eni-b4ba529b",
                            "private_dns": "ip-172-31-2-46.us-west-2.compute.internal",
                            "private_ip": "172.31.2.46",
                            "public_dns": "",
                            "public_ip": "54.201.215.20",
                            "root_block_device.#": "1",
                            "root_block_device.0.delete_on_termination": "true",
                            "root_block_device.0.iops": "100",
                            "root_block_device.0.volume_size": "8",
                            "root_block_device.0.volume_type": "gp2",
                            "security_groups.#": "0",
                            "source_dest_check": "true",
                            "subnet_id": "subnet-44a75822",
                            "tags.%": "1",
                            "tags.Name": "WebServer-2",
                            "tenancy": "default",
                            "user_data": "d5bba3158b8e26ebee9ffacffe443b9dd2180d68",
                            "volume_tags.%": "0",
                            "vpc_security_group_ids.#": "1",
                            "vpc_security_group_ids.908016301": "sg-d15d31ab"
                        },
                        "meta": {
                            "e2bfb730-ecaa-11e6-8f88-34363bc7c4c0": {
                                "create": 600000000000,
                                "delete": 600000000000,
                                "update": 600000000000
                            },
                            "schema_version": "1"
                        },
                        "tainted": false
                    },
                    "deposed": [],
                    "provider": ""
                },
                "aws_instance.nat_instance": {
                    "type": "aws_instance",
                    "depends_on": [
                        "aws_subnet.cloudops_public_subnet_1"
                    ],
                    "primary": {
                        "id": "i-06da6da86fd718960",
                        "attributes": {
                            "ami": "ami-030f4133",
                            "associate_public_ip_address": "true",
                            "availability_zone": "us-west-2a",
                            "disable_api_termination": "false",
                            "ebs_block_device.#": "0",
                            "ebs_optimized": "false",
                            "ephemeral_block_device.#": "0",
                            "iam_instance_profile": "",
                            "id": "i-06da6da86fd718960",
                            "instance_state": "running",
                            "instance_type": "t1.micro",
                            "ipv6_addresses.#": "0",
                            "key_name": "awskey2",
                            "monitoring": "false",
                            "network_interface.#": "0",
                            "network_interface_id": "eni-144adc2a",
                            "primary_network_interface_id": "eni-144adc2a",
                            "private_dns": "ip-172-31-1-22.us-west-2.compute.internal",
                            "private_ip": "172.31.1.22",
                            "public_dns": "",
                            "public_ip": "34.210.85.56",
                            "root_block_device.#": "1",
                            "root_block_device.0.delete_on_termination": "true",
                            "root_block_device.0.iops": "0",
                            "root_block_device.0.volume_size": "8",
                            "root_block_device.0.volume_type": "standard",
                            "security_groups.#": "0",
                            "source_dest_check": "false",
                            "subnet_id": "subnet-2245546b",
                            "tags.%": "1",
                            "tags.Name": "NATInstance",
                            "tenancy": "default",
                            "volume_tags.%": "0",
                            "vpc_security_group_ids.#": "1",
                            "vpc_security_group_ids.908016301": "sg-d15d31ab"
                        },
                        "meta": {
                            "e2bfb730-ecaa-11e6-8f88-34363bc7c4c0": {
                                "create": 600000000000,
                                "delete": 600000000000,
                                "update": 600000000000
                            },
                            "schema_version": "1"
                        },
                        "tainted": false
                    },
                    "deposed": [],
                    "provider": ""
                },
                "aws_internet_gateway.cloudops_igw": {
                    "type": "aws_internet_gateway",
                    "depends_on": [
                        "aws_vpc.cloudops_vpc"
                    ],
                    "primary": {
                        "id": "igw-4fae3d28",
                        "attributes": {
                            "id": "igw-4fae3d28",
                            "tags.%": "1",
                            "tags.Name": "CloudopsIGW",
                            "vpc_id": "vpc-b0af02d6"
                        },
                        "meta": {},
                        "tainted": false
                    },
                    "deposed": [],
                    "provider": ""
                },
                "aws_route_table.cloudops_public_route_table": {
                    "type": "aws_route_table",
                    "depends_on": [
                        "aws_internet_gateway.cloudops_igw",
                        "aws_vpc.cloudops_vpc"
                    ],
                    "primary": {
                        "id": "rtb-9a1826fc",
                        "attributes": {
                            "id": "rtb-9a1826fc",
                            "propagating_vgws.#": "0",
                            "route.#": "1",
                            "route.3391530589.cidr_block": "0.0.0.0/0",
                            "route.3391530589.egress_only_gateway_id": "",
                            "route.3391530589.gateway_id": "igw-4fae3d28",
                            "route.3391530589.instance_id": "",
                            "route.3391530589.ipv6_cidr_block": "",
                            "route.3391530589.nat_gateway_id": "",
                            "route.3391530589.network_interface_id": "",
                            "route.3391530589.vpc_peering_connection_id": "",
                            "tags.%": "1",
                            "tags.Name": "PublicSubnetRouteTable",
                            "vpc_id": "vpc-b0af02d6"
                        },
                        "meta": {},
                        "tainted": false
                    },
                    "deposed": [],
                    "provider": ""
                },
                "aws_route_table.private_sub_rt": {
                    "type": "aws_route_table",
                    "depends_on": [
                        "aws_instance.nat_instance",
                        "aws_vpc.cloudops_vpc"
                    ],
                    "primary": {
                        "id": "rtb-3a1a245c",
                        "attributes": {
                            "id": "rtb-3a1a245c",
                            "propagating_vgws.#": "0",
                            "route.#": "1",
                            "route.3555144521.cidr_block": "0.0.0.0/0",
                            "route.3555144521.egress_only_gateway_id": "",
                            "route.3555144521.gateway_id": "",
                            "route.3555144521.instance_id": "i-06da6da86fd718960",
                            "route.3555144521.ipv6_cidr_block": "",
                            "route.3555144521.nat_gateway_id": "",
                            "route.3555144521.network_interface_id": "eni-144adc2a",
                            "route.3555144521.vpc_peering_connection_id": "",
                            "tags.%": "1",
                            "tags.Name": "Private_Sub_RT",
                            "vpc_id": "vpc-b0af02d6"
                        },
                        "meta": {},
                        "tainted": false
                    },
                    "deposed": [],
                    "provider": ""
                },
                "aws_route_table_association.cloudops_vpc_with_private_route_table": {
                    "type": "aws_route_table_association",
                    "depends_on": [
                        "aws_route_table.private_sub_rt",
                        "aws_subnet.cloudops_private_subnet_1"
                    ],
                    "primary": {
                        "id": "rtbassoc-5f59bd27",
                        "attributes": {
                            "id": "rtbassoc-5f59bd27",
                            "route_table_id": "rtb-3a1a245c",
                            "subnet_id": "subnet-139a1048"
                        },
                        "meta": {},
                        "tainted": false
                    },
                    "deposed": [],
                    "provider": ""
                },
                "aws_route_table_association.cloudops_vpc_with_public_route_table_1": {
                    "type": "aws_route_table_association",
                    "depends_on": [
                        "aws_route_table.cloudops_public_route_table",
                        "aws_subnet.cloudops_public_subnet_1"
                    ],
                    "primary": {
                        "id": "rtbassoc-6da74015",
                        "attributes": {
                            "id": "rtbassoc-6da74015",
                            "route_table_id": "rtb-9a1826fc",
                            "subnet_id": "subnet-2245546b"
                        },
                        "meta": {},
                        "tainted": false
                    },
                    "deposed": [],
                    "provider": ""
                },
                "aws_route_table_association.cloudops_vpc_with_public_route_table_2": {
                    "type": "aws_route_table_association",
                    "depends_on": [
                        "aws_route_table.cloudops_public_route_table",
                        "aws_subnet.cloudops_public_subnet_2"
                    ],
                    "primary": {
                        "id": "rtbassoc-e9a64191",
                        "attributes": {
                            "id": "rtbassoc-e9a64191",
                            "route_table_id": "rtb-9a1826fc",
                            "subnet_id": "subnet-44a75822"
                        },
                        "meta": {},
                        "tainted": false
                    },
                    "deposed": [],
                    "provider": ""
                },
                "aws_subnet.cloudops_private_subnet_1": {
                    "type": "aws_subnet",
                    "depends_on": [
                        "aws_vpc.cloudops_vpc"
                    ],
                    "primary": {
                        "id": "subnet-139a1048",
                        "attributes": {
                            "assign_ipv6_address_on_creation": "false",
                            "availability_zone": "us-west-2c",
                            "cidr_block": "172.31.3.0/24",
                            "id": "subnet-139a1048",
                            "map_public_ip_on_launch": "false",
                            "tags.%": "1",
                            "tags.Name": "CloudOpsPrivateSubnet1",
                            "vpc_id": "vpc-b0af02d6"
                        },
                        "meta": {
                            "schema_version": "1"
                        },
                        "tainted": false
                    },
                    "deposed": [],
                    "provider": ""
                },
                "aws_subnet.cloudops_public_subnet_1": {
                    "type": "aws_subnet",
                    "depends_on": [
                        "aws_vpc.cloudops_vpc"
                    ],
                    "primary": {
                        "id": "subnet-2245546b",
                        "attributes": {
                            "assign_ipv6_address_on_creation": "false",
                            "availability_zone": "us-west-2a",
                            "cidr_block": "172.31.1.0/24",
                            "id": "subnet-2245546b",
                            "map_public_ip_on_launch": "true",
                            "tags.%": "1",
                            "tags.Name": "CloudOpsPublicSubnet1",
                            "vpc_id": "vpc-b0af02d6"
                        },
                        "meta": {
                            "schema_version": "1"
                        },
                        "tainted": false
                    },
                    "deposed": [],
                    "provider": ""
                },
                "aws_subnet.cloudops_public_subnet_2": {
                    "type": "aws_subnet",
                    "depends_on": [
                        "aws_vpc.cloudops_vpc"
                    ],
                    "primary": {
                        "id": "subnet-44a75822",
                        "attributes": {
                            "assign_ipv6_address_on_creation": "false",
                            "availability_zone": "us-west-2b",
                            "cidr_block": "172.31.2.0/24",
                            "id": "subnet-44a75822",
                            "map_public_ip_on_launch": "true",
                            "tags.%": "1",
                            "tags.Name": "CloudOpsPublicSubnet2",
                            "vpc_id": "vpc-b0af02d6"
                        },
                        "meta": {
                            "schema_version": "1"
                        },
                        "tainted": false
                    },
                    "deposed": [],
                    "provider": ""
                },
                "aws_vpc.cloudops_vpc": {
                    "type": "aws_vpc",
                    "depends_on": [],
                    "primary": {
                        "id": "vpc-b0af02d6",
                        "attributes": {
                            "assign_generated_ipv6_cidr_block": "false",
                            "cidr_block": "172.31.0.0/16",
                            "default_network_acl_id": "acl-4a9dee2c",
                            "default_route_table_id": "rtb-6a16280c",
                            "default_security_group_id": "sg-d15d31ab",
                            "dhcp_options_id": "dopt-25142942",
                            "enable_classiclink": "false",
                            "enable_classiclink_dns_support": "false",
                            "enable_dns_hostnames": "false",
                            "enable_dns_support": "true",
                            "id": "vpc-b0af02d6",
                            "instance_tenancy": "default",
                            "main_route_table_id": "rtb-6a16280c",
                            "tags.%": "2",
                            "tags.Environment": "Dev",
                            "tags.Name": "CloudOpsVpc"
                        },
                        "meta": {
                            "schema_version": "1"
                        },
                        "tainted": false
                    },
                    "deposed": [],
                    "provider": ""
                }
            },
            "depends_on": []
        }
    ]
}
